
Microsoft Visual Studio Solution File, Format Version 12.00
# Visual Studio Version 17
VisualStudioVersion = 17.0.32112.339
MinimumVisualStudioVersion = 10.0.40219.1
Project("{9A19103F-16F7-4668-BE54-9A1E7A4F7556}") = "PlatformService", "PlatformService\PlatformService.csproj", "{68631388-15D2-4E15-8607-0F38480D206A}"
EndProject
Project("{9A19103F-16F7-4668-BE54-9A1E7A4F7556}") = "CommandService", "CommandService\CommandService.csproj", "{67BA667A-7D46-482D-86A7-BBD04E78156E}"
EndProject
Global
	GlobalSection(SolutionConfigurationPlatforms) = preSolution
		Debug|Any CPU = Debug|Any CPU
		Release|Any CPU = Release|Any CPU
	EndGlobalSection
	GlobalSection(ProjectConfigurationPlatforms) = postSolution
		{68631388-15D2-4E15-8607-0F38480D206A}.Debug|Any CPU.ActiveCfg = Debug|Any CPU
		{68631388-15D2-4E15-8607-0F38480D206A}.Debug|Any CPU.Build.0 = Debug|Any CPU
		{68631388-15D2-4E15-8607-0F38480D206A}.Release|Any CPU.ActiveCfg = Release|Any CPU
		{68631388-15D2-4E15-8607-0F38480D206A}.Release|Any CPU.Build.0 = Release|Any CPU
		{67BA667A-7D46-482D-86A7-BBD04E78156E}.Debug|Any CPU.ActiveCfg = Debug|Any CPU
		{67BA667A-7D46-482D-86A7-BBD04E78156E}.Debug|Any CPU.Build.0 = Debug|Any CPU
		{67BA667A-7D46-482D-86A7-BBD04E78156E}.Release|Any CPU.ActiveCfg = Release|Any CPU
		{67BA667A-7D46-482D-86A7-BBD04E78156E}.Release|Any CPU.Build.0 = Release|Any CPU
	EndGlobalSection
	GlobalSection(SolutionProperties) = preSolution
		HideSolutionNode = FALSE
	EndGlobalSection
	GlobalSection(ExtensibilityGlobals) = postSolution
		SolutionGuid = {50F2BA0A-9F69-4FE6-A795-9C65684C5A79}
	EndGlobalSection
EndGlobal
